
Microsoft Visual Studio Solution File, Format Version 12.00
# Visual Studio Version 17
VisualStudioVersion = 17.3.32929.385
MinimumVisualStudioVersion = 10.0.40219.1
Project("{FAE04EC0-301F-11D3-BF4B-00C04F79EFBC}") = "WpfApp2", "WpfApp2\WpfApp2.csproj", "{345E0CDE-F693-4905-9D58-0ABC5A77DA7F}"
EndProject
Global
	GlobalSection(SolutionConfigurationPlatforms) = preSolution
		Debug|Any CPU = Debug|Any CPU
		Release|Any CPU = Release|Any CPU
	EndGlobalSection
	GlobalSection(ProjectConfigurationPlatforms) = postSolution
		{345E0CDE-F693-4905-9D58-0ABC5A77DA7F}.Debug|Any CPU.ActiveCfg = Debug|Any CPU
		{345E0CDE-F693-4905-9D58-0ABC5A77DA7F}.Debug|Any CPU.Build.0 = Debug|Any CPU
		{345E0CDE-F693-4905-9D58-0ABC5A77DA7F}.Release|Any CPU.ActiveCfg = Release|Any CPU
		{345E0CDE-F693-4905-9D58-0ABC5A77DA7F}.Release|Any CPU.Build.0 = Release|Any CPU
	EndGlobalSection
	GlobalSection(SolutionProperties) = preSolution
		HideSolutionNode = FALSE
	EndGlobalSection
	GlobalSection(ExtensibilityGlobals) = postSolution
		SolutionGuid = {A88F8193-6B5F-471B-9CCA-5C79189676C2}
	EndGlobalSection
EndGlobal
